{
  "name": "investproject",
  "version": "0.1.0",
  "lockfileVersion": 1,
  "requires": true,
  "dependencies": {
    "accepts": {
      "version": "https://registry.npmjs.org/accepts/-/accepts-1.2.13.tgz",
      "integrity": "sha1-5fHzkoxtlf2WVYw27D2dDeSm7Oo=",
      "requires": {
        "mime-types": "https://registry.npmjs.org/mime-types/-/mime-types-2.1.16.tgz",
        "negotiator": "https://registry.npmjs.org/negotiator/-/negotiator-0.5.3.tgz"
      },
      "dependencies": {
        "mime-db": {
          "version": "https://registry.npmjs.org/mime-db/-/mime-db-1.29.0.tgz",
          "integrity": "sha1-SNJtI1WJZRcErFkWygYAGRQmaHg="
        },
        "mime-types": {
          "version": "https://registry.npmjs.org/mime-types/-/mime-types-2.1.16.tgz",
          "integrity": "sha1-K4WKUuXs1RbbiXrCvodIeDBpjiM=",
          "requires": {
            "mime-db": "https://registry.npmjs.org/mime-db/-/mime-db-1.29.0.tgz"
          }
        }
      }
    },
    "axios": {
      "version": "https://registry.npmjs.org/axios/-/axios-0.12.0.tgz",
      "integrity": "sha1-uQewIhzDTsHJ+sGOx/B935V4W6Q=",
      "requires": {
        "follow-redirects": "https://registry.npmjs.org/follow-redirects/-/follow-redirects-0.0.7.tgz"
      }
    },
    "babylon": {
      "version": "https://registry.npmjs.org/babylon/-/babylon-7.0.0-beta.19.tgz",
      "integrity": "sha1-6SjH6AfpcOBTaweKs+DEj54FJQM="
    },
    "bindings": {
      "version": "1.3.0",
      "resolved": "https://registry.npmjs.org/bindings/-/bindings-1.3.0.tgz",
      "integrity": "sha512-DpLh5EzMR2kzvX1KIlVC0VkC3iZtHKTgdtZ0a3pglBZdaQFjt5S9g9xd1lE+YvXyfd6mtCeRnrUfOLYiTMlNSw==",
      "optional": true
    },
    "bluebird": {
      "version": "https://registry.npmjs.org/bluebird/-/bluebird-3.5.0.tgz",
      "integrity": "sha1-eRQg1/VR7qKJdFOop3ZT+WYG1nw="
    },
    "body-parser": {
      "version": "https://registry.npmjs.org/body-parser/-/body-parser-1.10.2.tgz",
      "integrity": "sha1-QF1GX808zw6oo1rb8QVfbpgxa9E=",
      "requires": {
        "bytes": "https://registry.npmjs.org/bytes/-/bytes-1.0.0.tgz",
        "depd": "https://registry.npmjs.org/depd/-/depd-1.0.1.tgz",
        "iconv-lite": "https://registry.npmjs.org/iconv-lite/-/iconv-lite-0.4.6.tgz",
        "media-typer": "https://registry.npmjs.org/media-typer/-/media-typer-0.3.0.tgz",
        "on-finished": "https://registry.npmjs.org/on-finished/-/on-finished-2.2.1.tgz",
        "qs": "https://registry.npmjs.org/qs/-/qs-2.3.3.tgz",
        "raw-body": "https://registry.npmjs.org/raw-body/-/raw-body-1.3.2.tgz",
        "type-is": "https://registry.npmjs.org/type-is/-/type-is-1.5.7.tgz"
      }
    },
    "bytes": {
      "version": "https://registry.npmjs.org/bytes/-/bytes-1.0.0.tgz",
      "integrity": "sha1-NWnt6Lo0MV+rmcPpLLBMciDeH6g="
    },
    "catharsis": {
      "version": "https://registry.npmjs.org/catharsis/-/catharsis-0.8.9.tgz",
      "integrity": "sha1-mMyJDKZS3S7w5ws3klMQ/56Q/Is=",
      "requires": {
        "underscore-contrib": "https://registry.npmjs.org/underscore-contrib/-/underscore-contrib-0.3.0.tgz"
      }
    },
    "content-disposition": {
      "version": "https://registry.npmjs.org/content-disposition/-/content-disposition-0.5.0.tgz",
      "integrity": "sha1-QoT+auBjCHRjnkToCkGMKTQTXp4="
    },
    "cookie": {
      "version": "https://registry.npmjs.org/cookie/-/cookie-0.1.2.tgz",
      "integrity": "sha1-cv7D0k5Io0Mgc9kMEmQgBQYQBLE="
    },
    "cookie-parser": {
      "version": "1.4.3",
      "resolved": "https://registry.npmjs.org/cookie-parser/-/cookie-parser-1.4.3.tgz",
      "integrity": "sha1-D+MfoZ0AC5X0qt8fU/3CuKIDuqU=",
      "requires": {
        "cookie": "0.3.1",
        "cookie-signature": "1.0.6"
      },
      "dependencies": {
        "cookie": {
          "version": "0.3.1",
          "resolved": "https://registry.npmjs.org/cookie/-/cookie-0.3.1.tgz",
          "integrity": "sha1-5+Ch+e9DtMi6klxcWpboBtFoc7s="
        },
        "cookie-signature": {
          "version": "1.0.6",
          "resolved": "https://registry.npmjs.org/cookie-signature/-/cookie-signature-1.0.6.tgz",
          "integrity": "sha1-4wOogrNCzD7oylE6eZmXNNqzriw="
        }
      }
    },
    "cookie-session": {
      "version": "https://registry.npmjs.org/cookie-session/-/cookie-session-1.1.0.tgz",
      "integrity": "sha1-O9Qr/frDYNgN2LCELGqkqD4uJHA=",
      "requires": {
        "cookies": "https://registry.npmjs.org/cookies/-/cookies-0.5.0.tgz",
        "debug": "https://registry.npmjs.org/debug/-/debug-2.1.3.tgz",
        "on-headers": "https://registry.npmjs.org/on-headers/-/on-headers-1.0.1.tgz"
      }
    },
    "cookie-signature": {
      "version": "https://registry.npmjs.org/cookie-signature/-/cookie-signature-1.0.5.tgz",
      "integrity": "sha1-oSLj8VA+yg9TVXlbBxG7I2jUUPk="
    },
    "cookies": {
      "version": "https://registry.npmjs.org/cookies/-/cookies-0.5.0.tgz",
      "integrity": "sha1-FkysRqHTyjs7h0J0FMJJMdg4ECU=",
      "requires": {
        "keygrip": "https://registry.npmjs.org/keygrip/-/keygrip-1.0.1.tgz"
      }
    },
    "crc": {
      "version": "https://registry.npmjs.org/crc/-/crc-3.2.1.tgz",
      "integrity": "sha1-XZyPt3okXNXsopHl0tAFM0urAII="
    },
    "cron-parser": {
      "version": "2.4.3",
      "resolved": "https://registry.npmjs.org/cron-parser/-/cron-parser-2.4.3.tgz",
      "integrity": "sha512-IcAjsFKIF7C3zCIqRDs5sKMNtiyPuj07JN94LP4IjwaZYgKm/Tc4pihanHqJhq6FeqMp0SG0wUTb+LAmPqexAw==",
      "requires": {
        "is-nan": "1.2.1",
        "moment-timezone": "0.5.14"
      }
    },
    "debug": {
      "version": "https://registry.npmjs.org/debug/-/debug-2.1.3.tgz",
      "integrity": "sha1-zoqxte6PvuK/o7Yzyrk9NmtjQY4=",
      "requires": {
        "ms": "https://registry.npmjs.org/ms/-/ms-0.7.0.tgz"
      }
    },
    "define-properties": {
      "version": "1.1.2",
      "resolved": "https://registry.npmjs.org/define-properties/-/define-properties-1.1.2.tgz",
      "integrity": "sha1-g6c/L+pWmJj7c3GTyPhzyvbUXJQ=",
      "requires": {
        "foreach": "2.0.5",
        "object-keys": "1.0.11"
      }
    },
    "depd": {
      "version": "https://registry.npmjs.org/depd/-/depd-1.0.1.tgz",
      "integrity": "sha1-gK7GTJ1tl+ZcwqnKqTwKpqv3Oqo="
    },
    "destroy": {
      "version": "https://registry.npmjs.org/destroy/-/destroy-1.0.3.tgz",
      "integrity": "sha1-tDO0ck5x/YVR2YhRdIUcX8N34sk="
    },
    "ed25519": {
      "version": "0.0.4",
      "resolved": "https://registry.npmjs.org/ed25519/-/ed25519-0.0.4.tgz",
      "integrity": "sha1-5WIYrOL8kD0llZOu8LKpY59HW+s=",
      "optional": true,
      "requires": {
        "bindings": "1.3.0",
        "nan": "2.8.0"
      }
    },
    "ee-first": {
      "version": "https://registry.npmjs.org/ee-first/-/ee-first-1.1.0.tgz",
      "integrity": "sha1-ag18YiHkkP7v2S7D9EHJzozQl/Q="
    },
    "ejs": {
      "version": "2.5.7",
      "resolved": "https://registry.npmjs.org/ejs/-/ejs-2.5.7.tgz",
      "integrity": "sha1-zIcsFoiArjxxiXYv1f/ACJbJUYo="
    },
    "es6-promise": {
      "version": "https://registry.npmjs.org/es6-promise/-/es6-promise-3.3.1.tgz",
      "integrity": "sha1-oIzd6EzNvzTQJ6FFG8kdS80ophM="
    },
    "escape-html": {
      "version": "https://registry.npmjs.org/escape-html/-/escape-html-1.0.1.tgz",
      "integrity": "sha1-GBoobq05ejmpKFfPsdQwUuNWv/A="
    },
    "escape-string-regexp": {
      "version": "https://registry.npmjs.org/escape-string-regexp/-/escape-string-regexp-1.0.5.tgz",
      "integrity": "sha1-G2HAViGQqN/2rjuyzwIAyhMLhtQ="
    },
    "etag": {
      "version": "https://registry.npmjs.org/etag/-/etag-1.5.1.tgz",
      "integrity": "sha1-VMUN4E7kJpVWKSWsVmWIKRvn6eo=",
      "requires": {
        "crc": "https://registry.npmjs.org/crc/-/crc-3.2.1.tgz"
      }
    },
    "event-source-polyfill": {
      "version": "https://registry.npmjs.org/event-source-polyfill/-/event-source-polyfill-0.0.7.tgz",
      "integrity": "sha1-ee9QR7DH/TImKNpfhzR91WxmWSU="
    },
    "eventsource": {
      "version": "https://registry.npmjs.org/eventsource/-/eventsource-0.2.3.tgz",
      "integrity": "sha1-MLjyG0DYaWjq7r0ZmpUHLuVLDfM=",
      "requires": {
        "original": "https://registry.npmjs.org/original/-/original-1.0.0.tgz"
      }
    },
    "express": {
      "version": "https://registry.npmjs.org/express/-/express-4.11.2.tgz",
      "integrity": "sha1-jfPVqayEhYXwCgd3YBgj+uzTsUg=",
      "requires": {
        "accepts": "https://registry.npmjs.org/accepts/-/accepts-1.2.13.tgz",
        "content-disposition": "https://registry.npmjs.org/content-disposition/-/content-disposition-0.5.0.tgz",
        "cookie": "https://registry.npmjs.org/cookie/-/cookie-0.1.2.tgz",
        "cookie-signature": "https://registry.npmjs.org/cookie-signature/-/cookie-signature-1.0.5.tgz",
        "debug": "https://registry.npmjs.org/debug/-/debug-2.1.3.tgz",
        "depd": "https://registry.npmjs.org/depd/-/depd-1.0.1.tgz",
        "escape-html": "https://registry.npmjs.org/escape-html/-/escape-html-1.0.1.tgz",
        "etag": "https://registry.npmjs.org/etag/-/etag-1.5.1.tgz",
        "finalhandler": "https://registry.npmjs.org/finalhandler/-/finalhandler-0.3.3.tgz",
        "fresh": "https://registry.npmjs.org/fresh/-/fresh-0.2.4.tgz",
        "media-typer": "https://registry.npmjs.org/media-typer/-/media-typer-0.3.0.tgz",
        "merge-descriptors": "https://registry.npmjs.org/merge-descriptors/-/merge-descriptors-0.0.2.tgz",
        "methods": "https://registry.npmjs.org/methods/-/methods-1.1.2.tgz",
        "on-finished": "https://registry.npmjs.org/on-finished/-/on-finished-2.2.1.tgz",
        "parseurl": "https://registry.npmjs.org/parseurl/-/parseurl-1.3.1.tgz",
        "path-to-regexp": "https://registry.npmjs.org/path-to-regexp/-/path-to-regexp-0.1.3.tgz",
        "proxy-addr": "https://registry.npmjs.org/proxy-addr/-/proxy-addr-1.0.10.tgz",
        "qs": "https://registry.npmjs.org/qs/-/qs-2.3.3.tgz",
        "range-parser": "https://registry.npmjs.org/range-parser/-/range-parser-1.0.3.tgz",
        "send": "https://registry.npmjs.org/send/-/send-0.11.1.tgz",
        "serve-static": "https://registry.npmjs.org/serve-static/-/serve-static-1.8.1.tgz",
        "type-is": "https://registry.npmjs.org/type-is/-/type-is-1.5.7.tgz",
        "utils-merge": "https://registry.npmjs.org/utils-merge/-/utils-merge-1.0.0.tgz",
        "vary": "https://registry.npmjs.org/vary/-/vary-1.0.1.tgz"
      }
    },
    "express-session": {
      "version": "1.15.6",
      "resolved": "https://registry.npmjs.org/express-session/-/express-session-1.15.6.tgz",
      "integrity": "sha512-r0nrHTCYtAMrFwZ0kBzZEXa1vtPVrw0dKvGSrKP4dahwBQ1BJpF2/y1Pp4sCD/0kvxV4zZeclyvfmw0B4RMJQA==",
      "requires": {
        "cookie": "0.3.1",
        "cookie-signature": "1.0.6",
        "crc": "3.4.4",
        "debug": "2.6.9",
        "depd": "1.1.2",
        "on-headers": "https://registry.npmjs.org/on-headers/-/on-headers-1.0.1.tgz",
        "parseurl": "1.3.2",
        "uid-safe": "2.1.5",
        "utils-merge": "1.0.1"
      },
      "dependencies": {
        "cookie": {
          "version": "0.3.1",
          "resolved": "https://registry.npmjs.org/cookie/-/cookie-0.3.1.tgz",
          "integrity": "sha1-5+Ch+e9DtMi6klxcWpboBtFoc7s="
        },
        "cookie-signature": {
          "version": "1.0.6",
          "resolved": "https://registry.npmjs.org/cookie-signature/-/cookie-signature-1.0.6.tgz",
          "integrity": "sha1-4wOogrNCzD7oylE6eZmXNNqzriw="
        },
        "crc": {
          "version": "3.4.4",
          "resolved": "https://registry.npmjs.org/crc/-/crc-3.4.4.tgz",
          "integrity": "sha1-naHpgOO9RPxck79as9ozeNheRms="
        },
        "debug": {
          "version": "2.6.9",
          "resolved": "https://registry.npmjs.org/debug/-/debug-2.6.9.tgz",
          "integrity": "sha512-bC7ElrdJaJnPbAP+1EotYvqZsb3ecl5wi6Bfi6BJTUcNowp6cvspg0jXznRTKDjm/E7AdgFBVeAPVMNcKGsHMA==",
          "requires": {
            "ms": "2.0.0"
          }
        },
        "depd": {
          "version": "1.1.2",
          "resolved": "https://registry.npmjs.org/depd/-/depd-1.1.2.tgz",
          "integrity": "sha1-m81S4UwJd2PnSbJ0xDRu0uVgtak="
        },
        "ms": {
          "version": "2.0.0",
          "resolved": "https://registry.npmjs.org/ms/-/ms-2.0.0.tgz",
          "integrity": "sha1-VgiurfwAvmwpAd9fmGF4jeDVl8g="
        },
        "parseurl": {
          "version": "1.3.2",
          "resolved": "https://registry.npmjs.org/parseurl/-/parseurl-1.3.2.tgz",
          "integrity": "sha1-/CidTtiZMRlGDBViUyYs3I3mW/M="
        },
        "utils-merge": {
          "version": "1.0.1",
          "resolved": "https://registry.npmjs.org/utils-merge/-/utils-merge-1.0.1.tgz",
          "integrity": "sha1-n5VxD1CiZ5R7LMwSR0HBAoQn5xM="
        }
      }
    },
    "finalhandler": {
      "version": "https://registry.npmjs.org/finalhandler/-/finalhandler-0.3.3.tgz",
      "integrity": "sha1-saCaoeamB7NUFmmwm8tyf0YM1CY=",
      "requires": {
        "debug": "https://registry.npmjs.org/debug/-/debug-2.1.3.tgz",
        "escape-html": "https://registry.npmjs.org/escape-html/-/escape-html-1.0.1.tgz",
        "on-finished": "https://registry.npmjs.org/on-finished/-/on-finished-2.2.1.tgz"
      }
    },
    "follow-redirects": {
      "version": "https://registry.npmjs.org/follow-redirects/-/follow-redirects-0.0.7.tgz",
      "integrity": "sha1-NLkLqyqRGqNHVx2pDyK9NuzYqRk=",
      "requires": {
        "debug": "https://registry.npmjs.org/debug/-/debug-2.6.8.tgz",
        "stream-consume": "https://registry.npmjs.org/stream-consume/-/stream-consume-0.1.0.tgz"
      },
      "dependencies": {
        "debug": {
          "version": "https://registry.npmjs.org/debug/-/debug-2.6.8.tgz",
          "integrity": "sha1-5zFTHKLt4n0YgiJCfaF4IdaP9Pw=",
          "requires": {
            "ms": "https://registry.npmjs.org/ms/-/ms-2.0.0.tgz"
          }
        },
        "ms": {
          "version": "https://registry.npmjs.org/ms/-/ms-2.0.0.tgz",
          "integrity": "sha1-VgiurfwAvmwpAd9fmGF4jeDVl8g="
        }
      }
    },
    "foreach": {
      "version": "2.0.5",
      "resolved": "https://registry.npmjs.org/foreach/-/foreach-2.0.5.tgz",
      "integrity": "sha1-C+4AUBiusmDQo6865ljdATbsG5k="
    },
    "forwarded": {
      "version": "https://registry.npmjs.org/forwarded/-/forwarded-0.1.0.tgz",
      "integrity": "sha1-Ge+YdMSuHCl7zweP3mOgm2aoQ2M="
    },
    "fresh": {
      "version": "https://registry.npmjs.org/fresh/-/fresh-0.2.4.tgz",
      "integrity": "sha1-NYJJkgbJcjcUGQ7ddLRgT+tKYUw="
    },
    "graceful-fs": {
      "version": "https://registry.npmjs.org/graceful-fs/-/graceful-fs-4.1.11.tgz",
      "integrity": "sha1-Dovf5NHduIVNZOBOp8AOKgJuVlg="
    },
    "iconv-lite": {
      "version": "https://registry.npmjs.org/iconv-lite/-/iconv-lite-0.4.6.tgz",
      "integrity": "sha1-45xoJhCnkfPu3Cc4L/SeJj+R+gk="
    },
    "ipaddr.js": {
      "version": "https://registry.npmjs.org/ipaddr.js/-/ipaddr.js-1.0.5.tgz",
      "integrity": "sha1-X6eM8wG4JceKvDBC2BJyMEnqI8c="
    },
    "is-nan": {
      "version": "1.2.1",
      "resolved": "https://registry.npmjs.org/is-nan/-/is-nan-1.2.1.tgz",
      "integrity": "sha1-n69ltvttskt/XAYoR16nH5iEAeI=",
      "requires": {
        "define-properties": "1.1.2"
      }
    },
    "js2xmlparser": {
      "version": "https://registry.npmjs.org/js2xmlparser/-/js2xmlparser-3.0.0.tgz",
      "integrity": "sha1-P7YOqgicVED5MZ9RdgzNB+JJlzM=",
      "requires": {
        "xmlcreate": "https://registry.npmjs.org/xmlcreate/-/xmlcreate-1.0.2.tgz"
      }
    },
    "jsdoc": {
      "version": "https://registry.npmjs.org/jsdoc/-/jsdoc-3.5.4.tgz",
      "integrity": "sha1-zu73xLrEM1yxD/QeOg9Yk5pTRCg=",
      "requires": {
        "babylon": "https://registry.npmjs.org/babylon/-/babylon-7.0.0-beta.19.tgz",
        "bluebird": "https://registry.npmjs.org/bluebird/-/bluebird-3.5.0.tgz",
        "catharsis": "https://registry.npmjs.org/catharsis/-/catharsis-0.8.9.tgz",
        "escape-string-regexp": "https://registry.npmjs.org/escape-string-regexp/-/escape-string-regexp-1.0.5.tgz",
        "js2xmlparser": "https://registry.npmjs.org/js2xmlparser/-/js2xmlparser-3.0.0.tgz",
        "klaw": "https://registry.npmjs.org/klaw/-/klaw-2.0.0.tgz",
        "marked": "https://registry.npmjs.org/marked/-/marked-0.3.6.tgz",
        "mkdirp": "https://registry.npmjs.org/mkdirp/-/mkdirp-0.5.1.tgz",
        "requizzle": "https://registry.npmjs.org/requizzle/-/requizzle-0.2.1.tgz",
        "strip-json-comments": "https://registry.npmjs.org/strip-json-comments/-/strip-json-comments-2.0.1.tgz",
        "taffydb": "https://registry.npmjs.org/taffydb/-/taffydb-2.6.2.tgz",
        "underscore": "https://registry.npmjs.org/underscore/-/underscore-1.8.3.tgz"
      }
    },
    "keygrip": {
      "version": "https://registry.npmjs.org/keygrip/-/keygrip-1.0.1.tgz",
      "integrity": "sha1-sC+kgW7vIajEs1yp5Skh/8iaMOk="
    },
    "klaw": {
      "version": "https://registry.npmjs.org/klaw/-/klaw-2.0.0.tgz",
      "integrity": "sha1-WcEo4Nxc5BAgEVEZTuucv4WGUPY=",
      "requires": {
        "graceful-fs": "https://registry.npmjs.org/graceful-fs/-/graceful-fs-4.1.11.tgz"
      }
    },
    "lodash": {
      "version": "https://registry.npmjs.org/lodash/-/lodash-4.17.4.tgz",
      "integrity": "sha1-eCA6TRwyiuHYbcpkYONptX9AVa4="
    },
    "long-timeout": {
      "version": "0.1.1",
      "resolved": "https://registry.npmjs.org/long-timeout/-/long-timeout-0.1.1.tgz",
      "integrity": "sha1-lyHXiLR+C8taJMLivuGg2lXatRQ="
    },
    "marked": {
      "version": "https://registry.npmjs.org/marked/-/marked-0.3.6.tgz",
      "integrity": "sha1-ssbGGPzOzk74bE/Gy4p8v1rtqNc="
    },
    "media-typer": {
      "version": "https://registry.npmjs.org/media-typer/-/media-typer-0.3.0.tgz",
      "integrity": "sha1-hxDXrwqmJvj/+hzgAWhUUmMlV0g="
    },
    "merge-descriptors": {
      "version": "https://registry.npmjs.org/merge-descriptors/-/merge-descriptors-0.0.2.tgz",
      "integrity": "sha1-w2pSp4FDdRPFcnXzndnTF1FKyMc="
    },
    "methods": {
      "version": "https://registry.npmjs.org/methods/-/methods-1.1.2.tgz",
      "integrity": "sha1-VSmk1nZUE07cxSZmVoNbD4Ua/O4="
    },
    "mime": {
      "version": "https://registry.npmjs.org/mime/-/mime-1.2.11.tgz",
      "integrity": "sha1-WCA+7Ybjpe8XrtK32evUfwpg3RA="
    },
    "mime-db": {
      "version": "https://registry.npmjs.org/mime-db/-/mime-db-1.12.0.tgz",
      "integrity": "sha1-PQxjGA9FjrENMlqqN9fFiuMS6dc="
    },
    "mime-types": {
      "version": "https://registry.npmjs.org/mime-types/-/mime-types-2.0.14.tgz",
      "integrity": "sha1-MQ4VnbI+B3+Lsit0jav6SVcUCqY=",
      "requires": {
        "mime-db": "https://registry.npmjs.org/mime-db/-/mime-db-1.12.0.tgz"
      }
    },
    "minimist": {
      "version": "https://registry.npmjs.org/minimist/-/minimist-0.0.8.tgz",
      "integrity": "sha1-hX/Kv8M5fSYluCKCYuhqp6ARsF0="
    },
    "mkdirp": {
      "version": "https://registry.npmjs.org/mkdirp/-/mkdirp-0.5.1.tgz",
      "integrity": "sha1-MAV0OOrGz3+MR2fzhkjWaX11yQM=",
      "requires": {
        "minimist": "https://registry.npmjs.org/minimist/-/minimist-0.0.8.tgz"
      }
    },
    "moment": {
      "version": "2.20.1",
      "resolved": "https://registry.npmjs.org/moment/-/moment-2.20.1.tgz",
      "integrity": "sha512-Yh9y73JRljxW5QxN08Fner68eFLxM5ynNOAw2LbIB1YAGeQzZT8QFSUvkAz609Zf+IHhhaUxqZK8dG3W/+HEvg=="
    },
    "moment-timezone": {
      "version": "0.5.14",
      "resolved": "https://registry.npmjs.org/moment-timezone/-/moment-timezone-0.5.14.tgz",
      "integrity": "sha1-TrOP+VOLgBCLpGekWPPtQmjM/LE=",
      "requires": {
        "moment": "2.20.1"
      }
    },
    "ms": {
      "version": "https://registry.npmjs.org/ms/-/ms-0.7.0.tgz",
      "integrity": "sha1-hlvpTC5zl62KV9pqYzpuLzB5i4M="
    },
    "nan": {
      "version": "2.8.0",
      "resolved": "https://registry.npmjs.org/nan/-/nan-2.8.0.tgz",
      "integrity": "sha1-7XFfP+neArV6XmJS2QqWZ14fCFo=",
      "optional": true
    },
    "negotiator": {
      "version": "https://registry.npmjs.org/negotiator/-/negotiator-0.5.3.tgz",
      "integrity": "sha1-Jp1cR2gQ7JLtvntsLygxY4T5p+g="
    },
    "node-schedule": {
      "version": "1.3.0",
      "resolved": "https://registry.npmjs.org/node-schedule/-/node-schedule-1.3.0.tgz",
      "integrity": "sha512-NNwO9SUPjBwFmPh3vXiPVEhJLn4uqYmZYvJV358SRGM06BR4UoIqxJpeJwDDXB6atULsgQA97MfD1zMd5xsu+A==",
      "requires": {
        "cron-parser": "2.4.3",
        "long-timeout": "0.1.1",
        "sorted-array-functions": "1.1.0"
      }
    },
    "nodemailer": {
      "version": "4.4.1",
      "resolved": "https://registry.npmjs.org/nodemailer/-/nodemailer-4.4.1.tgz",
      "integrity": "sha512-1bnszJJXatcHJhLpxQ1XMkLDjCjPKvGKMtRQ73FOsoNln3UQjddEQmz6fAwM3aj0GtQ3dQX9qtMHPelz63GU7A=="
    },
    "object-keys": {
      "version": "1.0.11",
      "resolved": "https://registry.npmjs.org/object-keys/-/object-keys-1.0.11.tgz",
      "integrity": "sha1-xUYBd4rVYPEULODgG8yotW0TQm0="
    },
    "on-finished": {
      "version": "https://registry.npmjs.org/on-finished/-/on-finished-2.2.1.tgz",
      "integrity": "sha1-XIXBzDYpn3gCllP2Z/J7a5nrwCk=",
      "requires": {
        "ee-first": "https://registry.npmjs.org/ee-first/-/ee-first-1.1.0.tgz"
      }
    },
    "on-headers": {
      "version": "https://registry.npmjs.org/on-headers/-/on-headers-1.0.1.tgz",
      "integrity": "sha1-ko9dD0cNSTQmUepnlLCFfBAGk/c="
    },
    "original": {
      "version": "https://registry.npmjs.org/original/-/original-1.0.0.tgz",
      "integrity": "sha1-kUf5P6FpbQS+YeAb1QuurKZWvTs=",
      "requires": {
        "url-parse": "https://registry.npmjs.org/url-parse/-/url-parse-1.0.5.tgz"
      }
    },
    "parseurl": {
      "version": "https://registry.npmjs.org/parseurl/-/parseurl-1.3.1.tgz",
      "integrity": "sha1-yKuMkiO6NIiKpkopeyiFO+wY2lY="
    },
    "path-to-regexp": {
      "version": "https://registry.npmjs.org/path-to-regexp/-/path-to-regexp-0.1.3.tgz",
      "integrity": "sha1-IbmrgidCed4lsVbqCP0SylG4rss="
    },
    "proxy-addr": {
      "version": "https://registry.npmjs.org/proxy-addr/-/proxy-addr-1.0.10.tgz",
      "integrity": "sha1-DUCoL4Afw1VWfS7LZe/j8HfxIcU=",
      "requires": {
        "forwarded": "https://registry.npmjs.org/forwarded/-/forwarded-0.1.0.tgz",
        "ipaddr.js": "https://registry.npmjs.org/ipaddr.js/-/ipaddr.js-1.0.5.tgz"
      }
    },
    "qs": {
      "version": "https://registry.npmjs.org/qs/-/qs-2.3.3.tgz",
      "integrity": "sha1-6eha2+ddoLvkyOBHaghikPhjtAQ="
    },
    "querystringify": {
      "version": "https://registry.npmjs.org/querystringify/-/querystringify-0.0.4.tgz",
      "integrity": "sha1-DPf4T5Rj/wrlHExLFC2VvjdyTZw="
    },
    "random-bytes": {
      "version": "1.0.0",
      "resolved": "https://registry.npmjs.org/random-bytes/-/random-bytes-1.0.0.tgz",
      "integrity": "sha1-T2ih3Arli9P7lYSMMDJNt11kNgs="
    },
    "range-parser": {
      "version": "https://registry.npmjs.org/range-parser/-/range-parser-1.0.3.tgz",
      "integrity": "sha1-aHKCNTXGkuLCoBA4Jq/YLC4P8XU="
    },
    "raw-body": {
      "version": "https://registry.npmjs.org/raw-body/-/raw-body-1.3.2.tgz",
      "integrity": "sha1-DhhvJ8X7/jJtizBid0gEVkoOz5M=",
      "requires": {
        "bytes": "https://registry.npmjs.org/bytes/-/bytes-1.0.0.tgz",
        "iconv-lite": "https://registry.npmjs.org/iconv-lite/-/iconv-lite-0.4.6.tgz"
      }
    },
    "requires-port": {
      "version": "https://registry.npmjs.org/requires-port/-/requires-port-1.0.0.tgz",
      "integrity": "sha1-kl0mAdOaxIXgkc8NpcbmlNw9yv8="
    },
    "requizzle": {
      "version": "https://registry.npmjs.org/requizzle/-/requizzle-0.2.1.tgz",
      "integrity": "sha1-aUPDUwxNmn5G8c3dUcFY/GcM294=",
      "requires": {
        "underscore": "https://registry.npmjs.org/underscore/-/underscore-1.6.0.tgz"
      },
      "dependencies": {
        "underscore": {
          "version": "https://registry.npmjs.org/underscore/-/underscore-1.6.0.tgz",
          "integrity": "sha1-izixDKze9jM3uLJOT/htRa6lKag="
        }
      }
    },
    "send": {
      "version": "https://registry.npmjs.org/send/-/send-0.11.1.tgz",
      "integrity": "sha1-G+q/1C+eJwn5kCivMHisErRwktU=",
      "requires": {
        "debug": "https://registry.npmjs.org/debug/-/debug-2.1.3.tgz",
        "depd": "https://registry.npmjs.org/depd/-/depd-1.0.1.tgz",
        "destroy": "https://registry.npmjs.org/destroy/-/destroy-1.0.3.tgz",
        "escape-html": "https://registry.npmjs.org/escape-html/-/escape-html-1.0.1.tgz",
        "etag": "https://registry.npmjs.org/etag/-/etag-1.5.1.tgz",
        "fresh": "https://registry.npmjs.org/fresh/-/fresh-0.2.4.tgz",
        "mime": "https://registry.npmjs.org/mime/-/mime-1.2.11.tgz",
        "ms": "https://registry.npmjs.org/ms/-/ms-0.7.0.tgz",
        "on-finished": "https://registry.npmjs.org/on-finished/-/on-finished-2.2.1.tgz",
        "range-parser": "https://registry.npmjs.org/range-parser/-/range-parser-1.0.3.tgz"
      }
    },
    "serve-static": {
      "version": "https://registry.npmjs.org/serve-static/-/serve-static-1.8.1.tgz",
      "integrity": "sha1-CPq9OZmfBQ/DEUQ/RtWIinfs/Hw=",
      "requires": {
        "escape-html": "https://registry.npmjs.org/escape-html/-/escape-html-1.0.1.tgz",
        "parseurl": "https://registry.npmjs.org/parseurl/-/parseurl-1.3.1.tgz",
        "send": "https://registry.npmjs.org/send/-/send-0.11.1.tgz",
        "utils-merge": "https://registry.npmjs.org/utils-merge/-/utils-merge-1.0.0.tgz"
      }
    },
    "sorted-array-functions": {
      "version": "1.1.0",
      "resolved": "https://registry.npmjs.org/sorted-array-functions/-/sorted-array-functions-1.1.0.tgz",
      "integrity": "sha512-zq6fLdGQixb9VZfT/tLgU+LzoedJyTbcf1I/TKETFeUVoWIfcs5HNr+SJSvQJLXRlEZjB1gpILTrxamxAdCcgA=="
    },
    "stellar-base": {
      "version": "https://registry.npmjs.org/stellar-base/-/stellar-base-0.7.4.tgz",
      "integrity": "sha1-39CKdGdWRrzX8DedYkbHxHJy6jE=",
      "requires": {
        "base32.js": "https://registry.npmjs.org/base32.js/-/base32.js-0.1.0.tgz",
        "bignumber.js": "https://registry.npmjs.org/bignumber.js/-/bignumber.js-4.0.0.tgz",
        "crc": "https://registry.npmjs.org/crc/-/crc-3.4.0.tgz",
        "ed25519": "0.0.4",
        "js-xdr": "https://registry.npmjs.org/js-xdr/-/js-xdr-1.0.0.tgz",
        "lodash": "https://registry.npmjs.org/lodash/-/lodash-4.0.1.tgz",
        "sha.js": "https://registry.npmjs.org/sha.js/-/sha.js-2.4.4.tgz",
        "tweetnacl": "http://registry.npmjs.org/tweetnacl/-/tweetnacl-0.14.5.tgz"
      },
      "dependencies": {
        "base32.js": {
          "version": "https://registry.npmjs.org/base32.js/-/base32.js-0.1.0.tgz",
          "integrity": "sha1-tYLexpPC8R6JPPBk7mrFthMaIgI="
        },
        "bignumber.js": {
          "version": "https://registry.npmjs.org/bignumber.js/-/bignumber.js-4.0.0.tgz",
          "integrity": "sha1-JrI6MkCCD7a4dfB96CIATH00toI="
        },
        "crc": {
          "version": "https://registry.npmjs.org/crc/-/crc-3.4.0.tgz",
          "integrity": "sha1-QljjUWE6dO8RU9/LBeggw+lxXX8="
        },
        "js-xdr": {
          "version": "https://registry.npmjs.org/js-xdr/-/js-xdr-1.0.0.tgz",
          "integrity": "sha1-kfrRyUttMwAijnF8E15sGW+ivO4=",
          "requires": {
            "babel-runtime": "https://registry.npmjs.org/babel-runtime/-/babel-runtime-4.7.16.tgz",
            "cursor": "https://registry.npmjs.org/cursor/-/cursor-0.1.5.tgz",
            "lodash": "https://registry.npmjs.org/lodash/-/lodash-3.10.1.tgz",
            "long": "https://registry.npmjs.org/long/-/long-2.4.0.tgz",
            "sequencify": "https://registry.npmjs.org/sequencify/-/sequencify-0.0.7.tgz"
          },
          "dependencies": {
            "babel-runtime": {
              "version": "https://registry.npmjs.org/babel-runtime/-/babel-runtime-4.7.16.tgz",
              "integrity": "sha1-ejmVrYyetbTQ3TX+vxcNDRQgJis=",
              "requires": {
                "core-js": "https://registry.npmjs.org/core-js/-/core-js-0.6.1.tgz"
              },
              "dependencies": {
                "core-js": {
                  "version": "https://registry.npmjs.org/core-js/-/core-js-0.6.1.tgz",
                  "integrity": "sha1-G0lwhz6BAb+MQ1rwlfqpAk9Lm1g="
                }
              }
            },
            "cursor": {
              "version": "https://registry.npmjs.org/cursor/-/cursor-0.1.5.tgz",
              "integrity": "sha1-6neMKwnTPC5WT9khRwdnUEg+uyw="
            },
            "lodash": {
              "version": "https://registry.npmjs.org/lodash/-/lodash-3.10.1.tgz",
              "integrity": "sha1-W/Rejkm6QYnhfUgnid/RW9FAt7Y="
            },
            "long": {
              "version": "https://registry.npmjs.org/long/-/long-2.4.0.tgz",
              "integrity": "sha1-n6GAux2VAM3CnEFWdmoZleH0Uk8="
            },
            "sequencify": {
              "version": "https://registry.npmjs.org/sequencify/-/sequencify-0.0.7.tgz",
              "integrity": "sha1-kM/xnQLgcCf9dn9erT57ldHnOAw="
            }
          }
        },
        "lodash": {
          "version": "https://registry.npmjs.org/lodash/-/lodash-4.0.1.tgz",
          "integrity": "sha1-zYyQLJ4D8uac4+DkVtUFq4nrmPQ="
        },
        "sha.js": {
          "version": "https://registry.npmjs.org/sha.js/-/sha.js-2.4.4.tgz",
          "integrity": "sha1-2hsIj95Gye1PF+bSnyn0ko6Y4lE=",
          "requires": {
            "inherits": "https://registry.npmjs.org/inherits/-/inherits-2.0.1.tgz"
          },
          "dependencies": {
            "inherits": {
              "version": "https://registry.npmjs.org/inherits/-/inherits-2.0.1.tgz",
              "integrity": "sha1-sX0I0ya0Qj5Wjv9xn5GwscvfafE="
            }
          }
        },
        "tweetnacl": {
          "version": "http://registry.npmjs.org/tweetnacl/-/tweetnacl-0.14.5.tgz",
          "integrity": "sha1-WuaBd/GS1EViadEIr6k/+HQ/T2Q="
        }
      }
    },
    "stellar-sdk": {
      "version": "https://registry.npmjs.org/stellar-sdk/-/stellar-sdk-0.7.3.tgz",
      "integrity": "sha1-eAWa+inh0cO5fwE1RBSpDL0J2Sk=",
      "requires": {
        "axios": "https://registry.npmjs.org/axios/-/axios-0.12.0.tgz",
        "bluebird": "https://registry.npmjs.org/bluebird/-/bluebird-3.5.0.tgz",
        "es6-promise": "https://registry.npmjs.org/es6-promise/-/es6-promise-3.3.1.tgz",
        "event-source-polyfill": "https://registry.npmjs.org/event-source-polyfill/-/event-source-polyfill-0.0.7.tgz",
        "eventsource": "https://registry.npmjs.org/eventsource/-/eventsource-0.2.3.tgz",
        "jsdoc": "https://registry.npmjs.org/jsdoc/-/jsdoc-3.5.4.tgz",
        "lodash": "https://registry.npmjs.org/lodash/-/lodash-4.17.4.tgz",
        "stellar-base": "https://registry.npmjs.org/stellar-base/-/stellar-base-0.7.4.tgz",
        "toml": "https://registry.npmjs.org/toml/-/toml-2.3.2.tgz",
        "urijs": "https://registry.npmjs.org/urijs/-/urijs-1.18.4.tgz"
      }
    },
    "stream-consume": {
      "version": "https://registry.npmjs.org/stream-consume/-/stream-consume-0.1.0.tgz",
      "integrity": "sha1-pB6tGm1ggc63n2WwYZAbbY89HQ8="
    },
    "strip-json-comments": {
      "version": "https://registry.npmjs.org/strip-json-comments/-/strip-json-comments-2.0.1.tgz",
      "integrity": "sha1-PFMZQukIwml8DsNEhYwobHygpgo="
    },
    "taffydb": {
      "version": "https://registry.npmjs.org/taffydb/-/taffydb-2.6.2.tgz",
      "integrity": "sha1-fLy2S1oUG2ou/CxdLGe04VCyomg="
    },
    "toml": {
      "version": "https://registry.npmjs.org/toml/-/toml-2.3.2.tgz",
      "integrity": "sha1-Xt7VykKIeSSUn9BusOlVZWAB6DQ="
    },
    "type-is": {
      "version": "https://registry.npmjs.org/type-is/-/type-is-1.5.7.tgz",
      "integrity": "sha1-uTaKWTzG730GReeLL0xky+zQXpA=",
      "requires": {
        "media-typer": "https://registry.npmjs.org/media-typer/-/media-typer-0.3.0.tgz",
        "mime-types": "https://registry.npmjs.org/mime-types/-/mime-types-2.0.14.tgz"
      }
    },
    "uid-safe": {
      "version": "2.1.5",
      "resolved": "https://registry.npmjs.org/uid-safe/-/uid-safe-2.1.5.tgz",
      "integrity": "sha512-KPHm4VL5dDXKz01UuEd88Df+KzynaohSL9fBh096KWAxSKZQDI2uBrVqtvRM4rwrIrRRKsdLNML/lnaaVSRioA==",
      "requires": {
        "random-bytes": "1.0.0"
      }
    },
    "underscore": {
      "version": "https://registry.npmjs.org/underscore/-/underscore-1.8.3.tgz",
      "integrity": "sha1-Tz+1OxBuYJf8+ctBCfKl6b36UCI="
    },
    "underscore-contrib": {
      "version": "https://registry.npmjs.org/underscore-contrib/-/underscore-contrib-0.3.0.tgz",
      "integrity": "sha1-ZltmwkeD+PorGMn4y7Dix9SMJsc=",
      "requires": {
        "underscore": "https://registry.npmjs.org/underscore/-/underscore-1.6.0.tgz"
      },
      "dependencies": {
        "underscore": {
          "version": "https://registry.npmjs.org/underscore/-/underscore-1.6.0.tgz",
          "integrity": "sha1-izixDKze9jM3uLJOT/htRa6lKag="
        }
      }
    },
    "urijs": {
      "version": "https://registry.npmjs.org/urijs/-/urijs-1.18.4.tgz",
      "integrity": "sha1-DJehegsOSi5jWlZcLxbA8YBgXig="
    },
    "url-parse": {
      "version": "https://registry.npmjs.org/url-parse/-/url-parse-1.0.5.tgz",
      "integrity": "sha1-CFSGBCKv3P7+tsllxmLUgAFpkns=",
      "requires": {
        "querystringify": "https://registry.npmjs.org/querystringify/-/querystringify-0.0.4.tgz",
        "requires-port": "https://registry.npmjs.org/requires-port/-/requires-port-1.0.0.tgz"
      }
    },
    "utils-merge": {
      "version": "https://registry.npmjs.org/utils-merge/-/utils-merge-1.0.0.tgz",
      "integrity": "sha1-ApT7kiu5N1FTVBxPcJYjHyh8ivg="
    },
    "vary": {
      "version": "https://registry.npmjs.org/vary/-/vary-1.0.1.tgz",
      "integrity": "sha1-meSYFWaihhGN+yuBc1ffeZM3bRA="
    },
    "xmlcreate": {
      "version": "https://registry.npmjs.org/xmlcreate/-/xmlcreate-1.0.2.tgz",
      "integrity": "sha1-+mv3YqYKQT+z3Y9LA8WyaSONMI8="
    },
    "xmlhttprequest": {
      "version": "1.8.0",
      "resolved": "https://registry.npmjs.org/xmlhttprequest/-/xmlhttprequest-1.8.0.tgz",
      "integrity": "sha1-Z/4HXFwk/vOfnWX197f+dRcZaPw="
    }
  }
}
